<?xml version="1.0" encoding="utf-8"?>
<Project ToolsVersion="4.0" xmlns="http://schemas.microsoft.com/developer/msbuild/2003">
  <ItemGroup>
    <ClCompile Include="..\..\Whisper\source\whisper.cpp" />
    <ClCompile Include="main.cpp" />
    <ClCompile Include="..\..\Whisper\source\ggml.c" />
    <ClCompile Include="..\..\Whisper\source.compat\ggmlMsvc.c" />
    <ClCompile Include="Utils\Logger.cpp" />
  </ItemGroup>
  <ItemGroup>
    <ClInclude Include="..\..\Whisper\source\ggml.h" />
    <ClInclude Include="..\..\Whisper\source\whisper.h" />
    <ClInclude Include="dr_wav.h" />
    <ClInclude Include="Utils\Logger.h" />
  </ItemGroup>
  <ItemGroup>
    <Text Include="Readme.txt" />
  </ItemGroup>
</Project>